
Microsoft Visual Studio Solution File, Format Version 12.00
# Visual Studio Version 16
VisualStudioVersion = 16.0.29728.190
MinimumVisualStudioVersion = 10.0.40219.1
Project("{FAE04EC0-301F-11D3-BF4B-00C04F79EFBC}") = "Lab_1_6", "Lab_1_6.csproj", "{8F84DA86-C624-4C2E-9948-E760B689DE95}"
EndProject
Global
	GlobalSection(SolutionConfigurationPlatforms) = preSolution
		Debug|Any CPU = Debug|Any CPU
		Release|Any CPU = Release|Any CPU
	EndGlobalSection
	GlobalSection(ProjectConfigurationPlatforms) = postSolution
		{8F84DA86-C624-4C2E-9948-E760B689DE95}.Debug|Any CPU.ActiveCfg = Debug|Any CPU
		{8F84DA86-C624-4C2E-9948-E760B689DE95}.Debug|Any CPU.Build.0 = Debug|Any CPU
		{8F84DA86-C624-4C2E-9948-E760B689DE95}.Release|Any CPU.ActiveCfg = Release|Any CPU
		{8F84DA86-C624-4C2E-9948-E760B689DE95}.Release|Any CPU.Build.0 = Release|Any CPU
	EndGlobalSection
	GlobalSection(SolutionProperties) = preSolution
		HideSolutionNode = FALSE
	EndGlobalSection
	GlobalSection(ExtensibilityGlobals) = postSolution
		SolutionGuid = {ECB1408B-A60B-4367-8104-6B827F40ABBB}
	EndGlobalSection
EndGlobal
