
Microsoft Visual Studio Solution File, Format Version 12.00
# Visual Studio Version 16
VisualStudioVersion = 16.0.29728.190
MinimumVisualStudioVersion = 10.0.40219.1
Project("{FAE04EC0-301F-11D3-BF4B-00C04F79EFBC}") = "Lab_1_3", "Lab_1_3.csproj", "{520EF33A-2CC2-4413-B7EA-34F2B7383B39}"
EndProject
Global
	GlobalSection(SolutionConfigurationPlatforms) = preSolution
		Debug|Any CPU = Debug|Any CPU
		Release|Any CPU = Release|Any CPU
	EndGlobalSection
	GlobalSection(ProjectConfigurationPlatforms) = postSolution
		{520EF33A-2CC2-4413-B7EA-34F2B7383B39}.Debug|Any CPU.ActiveCfg = Debug|Any CPU
		{520EF33A-2CC2-4413-B7EA-34F2B7383B39}.Debug|Any CPU.Build.0 = Debug|Any CPU
		{520EF33A-2CC2-4413-B7EA-34F2B7383B39}.Release|Any CPU.ActiveCfg = Release|Any CPU
		{520EF33A-2CC2-4413-B7EA-34F2B7383B39}.Release|Any CPU.Build.0 = Release|Any CPU
	EndGlobalSection
	GlobalSection(SolutionProperties) = preSolution
		HideSolutionNode = FALSE
	EndGlobalSection
	GlobalSection(ExtensibilityGlobals) = postSolution
		SolutionGuid = {12853D2C-3244-41AE-934F-FDC93A462149}
	EndGlobalSection
EndGlobal
